{
  "name": "zqr",
  "lockfileVersion": 3,
  "requires": true,
  "packages": {
    "": {
      "name": "zqr",
      "license": "MIT",
      "workspaces": [
        "docs",
        "packages/*",
        "examples/*"
      ],
      "devDependencies": {
        "prettier": "^3.3.3",
        "turbo": "^2.0.7",
        "typescript": "^5.5.3"
      },
      "engines": {
        "node": ">=20"
      }
    },
    "node_modules/@zqr/core": {
      "resolved": "packages/core",
      "link": true
    },
    "node_modules/prettier": {
      "version": "3.3.3",
      "resolved": "https://registry.npmjs.org/prettier/-/prettier-3.3.3.tgz",
      "integrity": "sha512-i2tDNA0O5IrMO757lfrdQZCc2jPNDVntV0m/+4whiDfWaTKfMNgR7Qz0NAeGz/nRqF4m5/6CLzbP4/liHt12Ew==",
      "dev": true,
      "bin": {
        "prettier": "bin/prettier.cjs"
      },
      "engines": {
        "node": ">=14"
      },
      "funding": {
        "url": "https://github.com/prettier/prettier?sponsor=1"
      }
    },
    "node_modules/turbo": {
      "version": "2.0.7",
      "resolved": "https://registry.npmjs.org/turbo/-/turbo-2.0.7.tgz",
      "integrity": "sha512-76iNWZpmKAKjj+yL0Wtcu2LpDIM5Nz7JS3fHOZPYS0AKuC2boJ24276VAiK4PKwbpBB//TYKDpSLuQ6cfR49pg==",
      "dev": true,
      "bin": {
        "turbo": "bin/turbo"
      },
      "optionalDependencies": {
        "turbo-darwin-64": "2.0.7",
        "turbo-darwin-arm64": "2.0.7",
        "turbo-linux-64": "2.0.7",
        "turbo-linux-arm64": "2.0.7",
        "turbo-windows-64": "2.0.7",
        "turbo-windows-arm64": "2.0.7"
      }
    },
    "node_modules/turbo-linux-64": {
      "version": "2.0.7",
      "resolved": "https://registry.npmjs.org/turbo-linux-64/-/turbo-linux-64-2.0.7.tgz",
      "integrity": "sha512-dsr7GFeHAYVMnXWDDjhpsAQetejU4OlkNBRA5hfmnIcl2sSyOYa3EvoeJ6j5z5vTNIJ9VO4I1h0jK3lTjEoonA==",
      "cpu": [
        "x64"
      ],
      "dev": true,
      "optional": true,
      "os": [
        "linux"
      ]
    },
    "node_modules/typescript": {
      "version": "5.5.3",
      "resolved": "https://registry.npmjs.org/typescript/-/typescript-5.5.3.tgz",
      "integrity": "sha512-/hreyEujaB0w76zKo6717l3L0o/qEUtRgdvUBvlkhoWeOVMjMuHNHk0BRBzikzuGDqNmPQbg5ifMEqsHLiIUcQ==",
      "dev": true,
      "bin": {
        "tsc": "bin/tsc",
        "tsserver": "bin/tsserver"
      },
      "engines": {
        "node": ">=14.17"
      }
    },
    "packages/core": {
      "name": "@zqr/core"
    }
  }
}
